
Microsoft Visual Studio Solution File, Format Version 12.00
# Visual Studio Version 17
VisualStudioVersion = 17.0.31903.59
MinimumVisualStudioVersion = 10.0.40219.1
Project("{FAE04EC0-301F-11D3-BF4B-00C04F79EFBC}") = "API", "API\API.csproj", "{27DB8BC0-538F-40D8-A7F1-BB1F6C8D7B9F}"
EndProject
Project("{FAE04EC0-301F-11D3-BF4B-00C04F79EFBC}") = "Core", "Core\Core.csproj", "{E1192647-085B-4F32-A7AE-A3474799D002}"
EndProject
Project("{FAE04EC0-301F-11D3-BF4B-00C04F79EFBC}") = "Infrastructure", "Infrastructure\Infrastructure.csproj", "{094B8817-B40F-4B5C-91A3-DB1D97B0E4F5}"
EndProject
Global
	GlobalSection(SolutionConfigurationPlatforms) = preSolution
		Debug|Any CPU = Debug|Any CPU
		Release|Any CPU = Release|Any CPU
	EndGlobalSection
	GlobalSection(SolutionProperties) = preSolution
		HideSolutionNode = FALSE
	EndGlobalSection
	GlobalSection(ProjectConfigurationPlatforms) = postSolution
		{27DB8BC0-538F-40D8-A7F1-BB1F6C8D7B9F}.Debug|Any CPU.ActiveCfg = Debug|Any CPU
		{27DB8BC0-538F-40D8-A7F1-BB1F6C8D7B9F}.Debug|Any CPU.Build.0 = Debug|Any CPU
		{27DB8BC0-538F-40D8-A7F1-BB1F6C8D7B9F}.Release|Any CPU.ActiveCfg = Release|Any CPU
		{27DB8BC0-538F-40D8-A7F1-BB1F6C8D7B9F}.Release|Any CPU.Build.0 = Release|Any CPU
		{E1192647-085B-4F32-A7AE-A3474799D002}.Debug|Any CPU.ActiveCfg = Debug|Any CPU
		{E1192647-085B-4F32-A7AE-A3474799D002}.Debug|Any CPU.Build.0 = Debug|Any CPU
		{E1192647-085B-4F32-A7AE-A3474799D002}.Release|Any CPU.ActiveCfg = Release|Any CPU
		{E1192647-085B-4F32-A7AE-A3474799D002}.Release|Any CPU.Build.0 = Release|Any CPU
		{094B8817-B40F-4B5C-91A3-DB1D97B0E4F5}.Debug|Any CPU.ActiveCfg = Debug|Any CPU
		{094B8817-B40F-4B5C-91A3-DB1D97B0E4F5}.Debug|Any CPU.Build.0 = Debug|Any CPU
		{094B8817-B40F-4B5C-91A3-DB1D97B0E4F5}.Release|Any CPU.ActiveCfg = Release|Any CPU
		{094B8817-B40F-4B5C-91A3-DB1D97B0E4F5}.Release|Any CPU.Build.0 = Release|Any CPU
	EndGlobalSection
EndGlobal
